
Microsoft Visual Studio Solution File, Format Version 12.00
# Visual Studio 15
VisualStudioVersion = 15.0.27428.2027
MinimumVisualStudioVersion = 10.0.40219.1
Project("{FAE04EC0-301F-11D3-BF4B-00C04F79EFBC}") = "ShoppingCart", "ShoppingCart\ShoppingCart.csproj", "{CC27D6C5-3520-4573-9E77-DE25B9A6894B}"
EndProject
Global
	GlobalSection(SolutionConfigurationPlatforms) = preSolution
		Debug|Any CPU = Debug|Any CPU
		Release|Any CPU = Release|Any CPU
	EndGlobalSection
	GlobalSection(ProjectConfigurationPlatforms) = postSolution
		{CC27D6C5-3520-4573-9E77-DE25B9A6894B}.Debug|Any CPU.ActiveCfg = Debug|Any CPU
		{CC27D6C5-3520-4573-9E77-DE25B9A6894B}.Debug|Any CPU.Build.0 = Debug|Any CPU
		{CC27D6C5-3520-4573-9E77-DE25B9A6894B}.Release|Any CPU.ActiveCfg = Release|Any CPU
		{CC27D6C5-3520-4573-9E77-DE25B9A6894B}.Release|Any CPU.Build.0 = Release|Any CPU
	EndGlobalSection
	GlobalSection(SolutionProperties) = preSolution
		HideSolutionNode = FALSE
	EndGlobalSection
	GlobalSection(ExtensibilityGlobals) = postSolution
		SolutionGuid = {104655B5-33D4-424C-A277-D225146E988D}
	EndGlobalSection
EndGlobal
